{
    "_readme": [
        "This file locks the dependencies of your project to a known state",
        "Read more about it at https://getcomposer.org/doc/01-basic-usage.md#installing-dependencies",
        "This file is @generated automatically"
    ],
    "content-hash": "84f6ffe6dd84a0e8f414046f79eded7a",
    "packages": [
        {
            "name": "league/climate",
            "version": "3.6.0",
            "source": {
                "type": "git",
                "url": "https://github.com/thephpleague/climate.git",
                "reference": "61eecbde7645528a855a3afef65c5354093b27b2"
            },
            "dist": {
                "type": "zip",
                "url": "https://api.github.com/repos/thephpleague/climate/zipball/61eecbde7645528a855a3afef65c5354093b27b2",
                "reference": "61eecbde7645528a855a3afef65c5354093b27b2",
                "shasum": ""
            },
            "require": {
                "php": "^7.2",
                "psr/log": "^1.0",
                "seld/cli-prompt": "^1.0"
            },
            "require-dev": {
                "mikey179/vfsstream": "^1.4",
                "mockery/mockery": "^1.0",
                "phpunit/phpunit": "^5.7.16"
            },
            "suggest": {
                "ext-mbstring": "If ext-mbstring is not available you MUST install symfony/polyfill-mbstring"
            },
            "type": "library",
            "autoload": {
                "psr-4": {
                    "League\\CLImate\\": "src/"
                }
            },
            "notification-url": "https://packagist.org/downloads/",
            "license": [
                "MIT"
            ],
            "authors": [
                {
                    "name": "Joe Tannenbaum",
                    "email": "hey@joe.codes",
                    "homepage": "http://joe.codes/",
                    "role": "Developer"
                },
                {
                    "name": "Craig Duncan",
                    "email": "git@duncanc.co.uk",
                    "homepage": "https://github.com/duncan3dc",
                    "role": "Developer"
                }
            ],
            "description": "PHP's best friend for the terminal. CLImate allows you to easily output colored text, special formats, and more.",
            "keywords": [
                "cli",
                "colors",
                "command",
                "php",
                "terminal"
            ],
            "support": {
                "issues": "https://github.com/thephpleague/climate/issues",
                "source": "https://github.com/thephpleague/climate/tree/3.6.0"
            },
            "time": "2020-10-04T16:02:59+00:00"
        },
        {
            "name": "paquettg/php-html-parser",
            "version": "2.2.1",
            "source": {
                "type": "git",
                "url": "https://github.com/paquettg/php-html-parser.git",
                "reference": "668c770fc5724ea3f15b8791435f054835be8d5e"
            },
            "dist": {
                "type": "zip",
                "url": "https://api.github.com/repos/paquettg/php-html-parser/zipball/668c770fc5724ea3f15b8791435f054835be8d5e",
                "reference": "668c770fc5724ea3f15b8791435f054835be8d5e",
                "shasum": ""
            },
            "require": {
                "ext-curl": "*",
                "ext-mbstring": "*",
                "ext-zlib": "*",
                "paquettg/string-encode": "~1.0.0",
                "php": ">=7.1"
            },
            "require-dev": {
                "infection/infection": "^0.13.4",
                "mockery/mockery": "^1.2",
                "phan/phan": "^2.4",
                "php-coveralls/php-coveralls": "^2.1",
                "phpunit/phpunit": "^7.5.1"
            },
            "type": "library",
            "autoload": {
                "psr-4": {
                    "PHPHtmlParser\\": "src/PHPHtmlParser"
                }
            },
            "notification-url": "https://packagist.org/downloads/",
            "license": [
                "MIT"
            ],
            "authors": [
                {
                    "name": "Gilles Paquette",
                    "email": "paquettg@gmail.com",
                    "homepage": "http://gillespaquette.ca"
                }
            ],
            "description": "An HTML DOM parser. It allows you to manipulate HTML. Find tags on an HTML page with selectors just like jQuery.",
            "homepage": "https://github.com/paquettg/php-html-parser",
            "keywords": [
                "dom",
                "html",
                "parser"
            ],
            "support": {
                "issues": "https://github.com/paquettg/php-html-parser/issues",
                "source": "https://github.com/paquettg/php-html-parser/tree/2.2.1"
            },
            "time": "2020-01-20T12:59:15+00:00"
        },
        {
            "name": "paquettg/string-encode",
            "version": "1.0.1",
            "source": {
                "type": "git",
                "url": "https://github.com/paquettg/string-encoder.git",
                "reference": "a8708e9fac9d5ddfc8fc2aac6004e2cd05d80fee"
            },
            "dist": {
                "type": "zip",
                "url": "https://api.github.com/repos/paquettg/string-encoder/zipball/a8708e9fac9d5ddfc8fc2aac6004e2cd05d80fee",
                "reference": "a8708e9fac9d5ddfc8fc2aac6004e2cd05d80fee",
                "shasum": ""
            },
            "require": {
                "php": ">=7.1"
            },
            "require-dev": {
                "phpunit/phpunit": "^7.5.1"
            },
            "type": "library",
            "autoload": {
                "psr-0": {
                    "stringEncode": "src/"
                }
            },
            "notification-url": "https://packagist.org/downloads/",
            "license": [
                "MIT"
            ],
            "authors": [
                {
                    "name": "Gilles Paquette",
                    "email": "paquettg@gmail.com",
                    "homepage": "http://gillespaquette.ca"
                }
            ],
            "description": "Facilitating the process of altering string encoding in PHP.",
            "homepage": "https://github.com/paquettg/string-encoder",
            "keywords": [
                "charset",
                "encoding",
                "string"
            ],
            "support": {
                "issues": "https://github.com/paquettg/string-encoder/issues",
                "source": "https://github.com/paquettg/string-encoder/tree/1.0.1"
            },
            "time": "2018-12-21T02:25:09+00:00"
        },
        {
            "name": "psr/log",
            "version": "1.1.3",
            "source": {
                "type": "git",
                "url": "https://github.com/php-fig/log.git",
                "reference": "0f73288fd15629204f9d42b7055f72dacbe811fc"
            },
            "dist": {
                "type": "zip",
                "url": "https://api.github.com/repos/php-fig/log/zipball/0f73288fd15629204f9d42b7055f72dacbe811fc",
                "reference": "0f73288fd15629204f9d42b7055f72dacbe811fc",
                "shasum": ""
            },
            "require": {
                "php": ">=5.3.0"
            },
            "type": "library",
            "extra": {
                "branch-alias": {
                    "dev-master": "1.1.x-dev"
                }
            },
            "autoload": {
                "psr-4": {
                    "Psr\\Log\\": "Psr/Log/"
                }
            },
            "notification-url": "https://packagist.org/downloads/",
            "license": [
                "MIT"
            ],
            "authors": [
                {
                    "name": "PHP-FIG",
                    "homepage": "http://www.php-fig.org/"
                }
            ],
            "description": "Common interface for logging libraries",
            "homepage": "https://github.com/php-fig/log",
            "keywords": [
                "log",
                "psr",
                "psr-3"
            ],
            "support": {
                "source": "https://github.com/php-fig/log/tree/1.1.3"
            },
            "time": "2020-03-23T09:12:05+00:00"
        },
        {
            "name": "seld/cli-prompt",
            "version": "1.0.4",
            "source": {
                "type": "git",
                "url": "https://github.com/Seldaek/cli-prompt.git",
                "reference": "b8dfcf02094b8c03b40322c229493bb2884423c5"
            },
            "dist": {
                "type": "zip",
                "url": "https://api.github.com/repos/Seldaek/cli-prompt/zipball/b8dfcf02094b8c03b40322c229493bb2884423c5",
                "reference": "b8dfcf02094b8c03b40322c229493bb2884423c5",
                "shasum": ""
            },
            "require": {
                "php": ">=5.3"
            },
            "require-dev": {
                "phpstan/phpstan": "^0.12.63"
            },
            "type": "library",
            "extra": {
                "branch-alias": {
                    "dev-master": "1.x-dev"
                }
            },
            "autoload": {
                "psr-4": {
                    "Seld\\CliPrompt\\": "src/"
                }
            },
            "notification-url": "https://packagist.org/downloads/",
            "license": [
                "MIT"
            ],
            "authors": [
                {
                    "name": "Jordi Boggiano",
                    "email": "j.boggiano@seld.be"
                }
            ],
            "description": "Allows you to prompt for user input on the command line, and optionally hide the characters they type",
            "keywords": [
                "cli",
                "console",
                "hidden",
                "input",
                "prompt"
            ],
            "support": {
                "issues": "https://github.com/Seldaek/cli-prompt/issues",
                "source": "https://github.com/Seldaek/cli-prompt/tree/1.0.4"
            },
            "time": "2020-12-15T21:32:01+00:00"
        }
    ],
    "packages-dev": [],
    "aliases": [],
    "minimum-stability": "stable",
    "stability-flags": [],
    "prefer-stable": false,
    "prefer-lowest": false,
    "platform": [],
    "platform-dev": [],
    "plugin-api-version": "2.0.0"
}
